lockfileVersion: 5.4

specifiers:
  next: 12.3.1-canary.0
  react: 18.2.0
  react-dom: 18.2.0

dependencies:
  next: 12.3.1-canary.0_biqbaboplfbrettd7655fr4n2y
  react: 18.2.0
  react-dom: 18.2.0_react@18.2.0

packages:

  /@next/env/12.3.1-canary.0:
    resolution: {integrity: sha512-W1eRfjNckMVB60gHeSM76gLLAKoWqzMPURa524Nn2+XvTbCKYJsjZjIFwtW1B/XYh2IyDcZ0GWtIDS8MF48gKg==}
    dev: false

  /@next/swc-android-arm-eabi/12.3.1-canary.0:
    resolution: {integrity: sha512-WT7rAEXff+k3io5ZrhlgNFKvCGRQegzhjJIgy+2gEDD4+rm8htyqkm8gXXsf5lvoL9JYQDW/rw6Yona0ulGmJw==}
    engines: {node: '>= 10'}
    cpu: [arm]
    os: [android]
    requiresBuild: true
    dev: false
    optional: true

  /@next/swc-android-arm64/12.3.1-canary.0:
    resolution: {integrity: sha512-dqCP9LNbSMmYvqE9YwfltdX5PP+TV866Uv/ChRulm026e5VdH4pLychMofmJhAoxpILL9L7MK3nIH0jaqedFiA==}
    engines: {node: '>= 10'}
    cpu: [arm64]
    os: [android]
    requiresBuild: true
    dev: false
    optional: true

  /@next/swc-darwin-arm64/12.3.1-canary.0:
    resolution: {integrity: sha512-Od6zaLkL3U9V+ccg8gsFMwWlQJii0lB3L84PPLrkRl90nbz9Z1fDneS5H+AnUS5SYWXKE9BfdRwGXG9kvi2xzA==}
    engines: {node: '>= 10'}
    cpu: [arm64]
    os: [darwin]
    requiresBuild: true
    dev: false
    optional: true

  /@next/swc-darwin-x64/12.3.1-canary.0:
    resolution: {integrity: sha512-UG3QjbR3K/BlUYvZG5YEpV1OjgVxwciQ6sV3EjFbrLechF3l7EMHgPvx9H0S1NgceVumjqTgmECFFINzfpEdqA==}
    engines: {node: '>= 10'}
    cpu: [x64]
    os: [darwin]
    requiresBuild: true
    dev: false
    optional: true

  /@next/swc-freebsd-x64/12.3.1-canary.0:
    resolution: {integrity: sha512-kX6GoMWoUEnyWGsmL4KBmmN6BYSmq+akQF18Hm9SDt6TpPm1L63dgfFPmK+F7r23hcYjQPbNK+1FSN6SjwhcVw==}
    engines: {node: '>= 10'}
    cpu: [x64]
    os: [freebsd]
    requiresBuild: true
    dev: false
    optional: true

  /@next/swc-linux-arm-gnueabihf/12.3.1-canary.0:
    resolution: {integrity: sha512-uxrFGUGyBlgNu6Qdyo2TO1CxdC7aX9w5LQ1v0jkHefzdGTOx+JetjilEbiNBrOTCQlS87TIvq0WWeFq7dUyZmg==}
    engines: {node: '>= 10'}
    cpu: [arm]
    os: [linux]
    requiresBuild: true
    dev: false
    optional: true

  /@next/swc-linux-arm64-gnu/12.3.1-canary.0:
    resolution: {integrity: sha512-14fW1sSlXcTv8vwLLPXWbBYCL/nHoBpW0M1E0JF1oB8TggK4i12JV1BDCC3yWe0MVhhVEi+2MOvm3jmqRbIjCg==}
    engines: {node: '>= 10'}
    cpu: [arm64]
    os: [linux]
    requiresBuild: true
    dev: false
    optional: true

  /@next/swc-linux-arm64-musl/12.3.1-canary.0:
    resolution: {integrity: sha512-foWkSsjT0/5Yjkl7YqoUiGAuCFjqK+q4xrnFwpy7jULHwVOn9V7hQfbXVir27XQlBVaDQWe1LbGFoItgVM19Kw==}
    engines: {node: '>= 10'}
    cpu: [arm64]
    os: [linux]
    requiresBuild: true
    dev: false
    optional: true

  /@next/swc-linux-x64-gnu/12.3.1-canary.0:
    resolution: {integrity: sha512-uwYt6yPN1LFbo6rzWm9HW0E62Y9RxzCBkKTsktTMZYAMVTdXSVR96oBcDvD2nSMqWdIzXazKa8tr9Ojr15ZPew==}
    engines: {node: '>= 10'}
    cpu: [x64]
    os: [linux]
    requiresBuild: true
    dev: false
    optional: true

  /@next/swc-linux-x64-musl/12.3.1-canary.0:
    resolution: {integrity: sha512-O0hTnB63DBlshNhjrSL+P+Q+uC3rt9+pbNY43s1Zvdpu+rfFacQTrrBwwKM1VCRjAk2pKr+tR8dB5plHA4OgQQ==}
    engines: {node: '>= 10'}
    cpu: [x64]
    os: [linux]
    requiresBuild: true
    dev: false
    optional: true

  /@next/swc-win32-arm64-msvc/12.3.1-canary.0:
    resolution: {integrity: sha512-ZYAu87xUwgAt2MZJfemlNizq7f/EFNQCce0PhbwHu6X8s5KHFyRmF+yUfMOGUBIhhg280YCiimPNa18lSK791g==}
    engines: {node: '>= 10'}
    cpu: [arm64]
    os: [win32]
    requiresBuild: true
    dev: false
    optional: true

  /@next/swc-win32-ia32-msvc/12.3.1-canary.0:
    resolution: {integrity: sha512-lwySOUJJn68DBGzx21NT8yS9T1OCwDJuLh7oKGb/pEyxPa5DgeNQvA2hu7HcPAf35IZDygWdcoE9LNUqlgsNEA==}
    engines: {node: '>= 10'}
    cpu: [ia32]
    os: [win32]
    requiresBuild: true
    dev: false
    optional: true

  /@next/swc-win32-x64-msvc/12.3.1-canary.0:
    resolution: {integrity: sha512-LXVWO9LqENX+jsIM1KmdeEuvOy47KzccSJD88xfNeQ03pl13BzA3/KLaO5boHE4DAEx6K8opX5OqEphSG776nQ==}
    engines: {node: '>= 10'}
    cpu: [x64]
    os: [win32]
    requiresBuild: true
    dev: false
    optional: true

  /@swc/helpers/0.4.11:
    resolution: {integrity: sha512-rEUrBSGIoSFuYxwBYtlUFMlE2CwGhmW+w9355/5oduSw8e5h2+Tj4UrAGNNgP9915++wj5vkQo0UuOBqOAq4nw==}
    dependencies:
      tslib: 2.4.0
    dev: false

  /caniuse-lite/1.0.30001397:
    resolution: {integrity: sha512-SW9N2TbCdLf0eiNDRrrQXx2sOkaakNZbCjgNpPyMJJbiOrU5QzMIrXOVMRM1myBXTD5iTkdrtU/EguCrBocHlA==}
    dev: false

  /js-tokens/4.0.0:
    resolution: {integrity: sha512-RdJUflcE3cUzKiMqQgsCu06FPu9UdIJO0beYbPhHN4k6apgJtifcoCtT9bcxOpYBtpD2kCM6Sbzg4CausW/PKQ==}
    dev: false

  /loose-envify/1.4.0:
    resolution: {integrity: sha512-lyuxPGr/Wfhrlem2CL/UcnUc1zcqKAImBDzukY7Y5F/yQiNdko6+fRLevlw1HgMySw7f611UIY408EtxRSoK3Q==}
    hasBin: true
    dependencies:
      js-tokens: 4.0.0
    dev: false

  /nanoid/3.3.4:
    resolution: {integrity: sha512-MqBkQh/OHTS2egovRtLk45wEyNXwF+cokD+1YPf9u5VfJiRdAiRwB2froX5Co9Rh20xs4siNPm8naNotSD6RBw==}
    engines: {node: ^10 || ^12 || ^13.7 || ^14 || >=15.0.1}
    hasBin: true
    dev: false

  /next/12.3.1-canary.0_biqbaboplfbrettd7655fr4n2y:
    resolution: {integrity: sha512-yjcqgGtX6+LlgTRM6wQMlQcYgPlIM2rX3U0FzGw5Yy7MG31vPrVzhybD1wYznCaFE6sye6IyUWlMfqgojbrfag==}
    engines: {node: '>=12.22.0'}
    hasBin: true
    peerDependencies:
      fibers: '>= 3.1.0'
      node-sass: ^6.0.0 || ^7.0.0
      react: ^17.0.2 || ^18.0.0-0
      react-dom: ^17.0.2 || ^18.0.0-0
      sass: ^1.3.0
    peerDependenciesMeta:
      fibers:
        optional: true
      node-sass:
        optional: true
      sass:
        optional: true
    dependencies:
      '@next/env': 12.3.1-canary.0
      '@swc/helpers': 0.4.11
      caniuse-lite: 1.0.30001397
      postcss: 8.4.14
      react: 18.2.0
      react-dom: 18.2.0_react@18.2.0
      styled-jsx: 5.0.6_react@18.2.0
      use-sync-external-store: 1.2.0_react@18.2.0
    optionalDependencies:
      '@next/swc-android-arm-eabi': 12.3.1-canary.0
      '@next/swc-android-arm64': 12.3.1-canary.0
      '@next/swc-darwin-arm64': 12.3.1-canary.0
      '@next/swc-darwin-x64': 12.3.1-canary.0
      '@next/swc-freebsd-x64': 12.3.1-canary.0
      '@next/swc-linux-arm-gnueabihf': 12.3.1-canary.0
      '@next/swc-linux-arm64-gnu': 12.3.1-canary.0
      '@next/swc-linux-arm64-musl': 12.3.1-canary.0
      '@next/swc-linux-x64-gnu': 12.3.1-canary.0
      '@next/swc-linux-x64-musl': 12.3.1-canary.0
      '@next/swc-win32-arm64-msvc': 12.3.1-canary.0
      '@next/swc-win32-ia32-msvc': 12.3.1-canary.0
      '@next/swc-win32-x64-msvc': 12.3.1-canary.0
    transitivePeerDependencies:
      - '@babel/core'
      - babel-plugin-macros
    dev: false

  /picocolors/1.0.0:
    resolution: {integrity: sha512-1fygroTLlHu66zi26VoTDv8yRgm0Fccecssto+MhsZ0D/DGW2sm8E8AjW7NU5VVTRt5GxbeZ5qBuJr+HyLYkjQ==}
    dev: false

  /postcss/8.4.14:
    resolution: {integrity: sha512-E398TUmfAYFPBSdzgeieK2Y1+1cpdxJx8yXbK/m57nRhKSmk1GB2tO4lbLBtlkfPQTDKfe4Xqv1ASWPpayPEig==}
    engines: {node: ^10 || ^12 || >=14}
    dependencies:
      nanoid: 3.3.4
      picocolors: 1.0.0
      source-map-js: 1.0.2
    dev: false

  /react-dom/18.2.0_react@18.2.0:
    resolution: {integrity: sha512-6IMTriUmvsjHUjNtEDudZfuDQUoWXVxKHhlEGSk81n4YFS+r/Kl99wXiwlVXtPBtJenozv2P+hxDsw9eA7Xo6g==}
    peerDependencies:
      react: ^18.2.0
    dependencies:
      loose-envify: 1.4.0
      react: 18.2.0
      scheduler: 0.23.0
    dev: false

  /react/18.2.0:
    resolution: {integrity: sha512-/3IjMdb2L9QbBdWiW5e3P2/npwMBaU9mHCSCUzNln0ZCYbcfTsGbTJrU/kGemdH2IWmB2ioZ+zkxtmq6g09fGQ==}
    engines: {node: '>=0.10.0'}
    dependencies:
      loose-envify: 1.4.0
    dev: false

  /scheduler/0.23.0:
    resolution: {integrity: sha512-CtuThmgHNg7zIZWAXi3AsyIzA3n4xx7aNyjwC2VJldO2LMVDhFK+63xGqq6CsJH4rTAt6/M+N4GhZiDYPx9eUw==}
    dependencies:
      loose-envify: 1.4.0
    dev: false

  /source-map-js/1.0.2:
    resolution: {integrity: sha512-R0XvVJ9WusLiqTCEiGCmICCMplcCkIwwR11mOSD9CR5u+IXYdiseeEuXCVAjS54zqwkLcPNnmU4OeJ6tUrWhDw==}
    engines: {node: '>=0.10.0'}
    dev: false

  /styled-jsx/5.0.6_react@18.2.0:
    resolution: {integrity: sha512-xOeROtkK5MGMDimBQ3J6iPId8q0t/BDoG5XN6oKkZClVz9ISF/hihN8OCn2LggMU6N32aXnrXBdn3auSqNS9fA==}
    engines: {node: '>= 12.0.0'}
    peerDependencies:
      '@babel/core': '*'
      babel-plugin-macros: '*'
      react: '>= 16.8.0 || 17.x.x || ^18.0.0-0'
    peerDependenciesMeta:
      '@babel/core':
        optional: true
      babel-plugin-macros:
        optional: true
    dependencies:
      react: 18.2.0
    dev: false

  /tslib/2.4.0:
    resolution: {integrity: sha512-d6xOpEDfsi2CZVlPQzGeux8XMwLT9hssAsaPYExaQMuYskwb+x1x7J371tWlbBdWHroy99KnVB6qIkUbs5X3UQ==}
    dev: false

  /use-sync-external-store/1.2.0_react@18.2.0:
    resolution: {integrity: sha512-eEgnFxGQ1Ife9bzYs6VLi8/4X6CObHMw9Qr9tPY43iKwsPw8xE8+EFsf/2cFZ5S3esXgpWgtSCtLNS41F+sKPA==}
    peerDependencies:
      react: ^16.8.0 || ^17.0.0 || ^18.0.0
    dependencies:
      react: 18.2.0
    dev: false
